# This file is automatically @generated by Poetry 1.6.1 and should not be changed by hand.

[[package]]
name = "asgiref"
version = "3.5.2"
description = "ASGI specs, helper code, and adapters"
optional = false
python-versions = ">=3.7"
files = [
    {file = "asgiref-3.5.2-py3-none-any.whl", hash = "sha256:1d2880b792ae8757289136f1db2b7b99100ce959b2aa57fd69dab783d05afac4"},
    {file = "asgiref-3.5.2.tar.gz", hash = "sha256:4a29362a6acebe09bf1d6640db38c1dc3d9217c68e6f9f6204d72667fc19a424"},
]

[package.extras]
tests = ["mypy (>=0.800)", "pytest", "pytest-asyncio"]

[[package]]
name = "black"
version = "22.10.0"
description = "The uncompromising code formatter."
optional = false
python-versions = ">=3.7"
files = [
    {file = "black-22.10.0-1fixedarch-cp310-cp310-macosx_11_0_x86_64.whl", hash = "sha256:5cc42ca67989e9c3cf859e84c2bf014f6633db63d1cbdf8fdb666dcd9e77e3fa"},
    {file = "black-22.10.0-1fixedarch-cp311-cp311-macosx_11_0_x86_64.whl", hash = "sha256:5d8f74030e67087b219b032aa33a919fae8806d49c867846bfacde57f43972ef"},
    {file = "black-22.10.0-1fixedarch-cp37-cp37m-macosx_10_16_x86_64.whl", hash = "sha256:197df8509263b0b8614e1df1756b1dd41be6738eed2ba9e9769f3880c2b9d7b6"},
    {file = "black-22.10.0-1fixedarch-cp38-cp38-macosx_10_16_x86_64.whl", hash = "sha256:2644b5d63633702bc2c5f3754b1b475378fbbfb481f62319388235d0cd104c2d"},
    {file = "black-22.10.0-1fixedarch-cp39-cp39-macosx_11_0_x86_64.whl", hash = "sha256:e41a86c6c650bcecc6633ee3180d80a025db041a8e2398dcc059b3afa8382cd4"},
    {file = "black-22.10.0-cp310-cp310-macosx_11_0_arm64.whl", hash = "sha256:2039230db3c6c639bd84efe3292ec7b06e9214a2992cd9beb293d639c6402edb"},
    {file = "black-22.10.0-cp310-cp310-manylinux_2_17_x86_64.manylinux2014_x86_64.whl", hash = "sha256:14ff67aec0a47c424bc99b71005202045dc09270da44a27848d534600ac64fc7"},
    {file = "black-22.10.0-cp310-cp310-win_amd64.whl", hash = "sha256:819dc789f4498ecc91438a7de64427c73b45035e2e3680c92e18795a839ebb66"},
    {file = "black-22.10.0-cp311-cp311-macosx_11_0_arm64.whl", hash = "sha256:5b9b29da4f564ba8787c119f37d174f2b69cdfdf9015b7d8c5c16121ddc054ae"},
    {file = "black-22.10.0-cp311-cp311-manylinux_2_17_x86_64.manylinux2014_x86_64.whl", hash = "sha256:b8b49776299fece66bffaafe357d929ca9451450f5466e997a7285ab0fe28e3b"},
    {file = "black-22.10.0-cp311-cp311-win_amd64.whl", hash = "sha256:21199526696b8f09c3997e2b4db8d0b108d801a348414264d2eb8eb2532e540d"},
    {file = "black-22.10.0-cp37-cp37m-manylinux_2_17_x86_64.manylinux2014_x86_64.whl", hash = "sha256:1e464456d24e23d11fced2bc8c47ef66d471f845c7b7a42f3bd77bf3d1789650"},
    {file = "black-22.10.0-cp37-cp37m-win_amd64.whl", hash = "sha256:9311e99228ae10023300ecac05be5a296f60d2fd10fff31cf5c1fa4ca4b1988d"},
    {file = "black-22.10.0-cp38-cp38-macosx_11_0_arm64.whl", hash = "sha256:fba8a281e570adafb79f7755ac8721b6cf1bbf691186a287e990c7929c7692ff"},
    {file = "black-22.10.0-cp38-cp38-manylinux_2_17_x86_64.manylinux2014_x86_64.whl", hash = "sha256:915ace4ff03fdfff953962fa672d44be269deb2eaf88499a0f8805221bc68c87"},
    {file = "black-22.10.0-cp38-cp38-win_amd64.whl", hash = "sha256:444ebfb4e441254e87bad00c661fe32df9969b2bf224373a448d8aca2132b395"},
    {file = "black-22.10.0-cp39-cp39-macosx_11_0_arm64.whl", hash = "sha256:974308c58d057a651d182208a484ce80a26dac0caef2895836a92dd6ebd725e0"},
    {file = "black-22.10.0-cp39-cp39-manylinux_2_17_x86_64.manylinux2014_x86_64.whl", hash = "sha256:72ef3925f30e12a184889aac03d77d031056860ccae8a1e519f6cbb742736383"},
    {file = "black-22.10.0-cp39-cp39-win_amd64.whl", hash = "sha256:432247333090c8c5366e69627ccb363bc58514ae3e63f7fc75c54b1ea80fa7de"},
    {file = "black-22.10.0-py3-none-any.whl", hash = "sha256:c957b2b4ea88587b46cf49d1dc17681c1e672864fd7af32fc1e9664d572b3458"},
    {file = "black-22.10.0.tar.gz", hash = "sha256:f513588da599943e0cde4e32cc9879e825d58720d6557062d1098c5ad80080e1"},
]

[package.dependencies]
click = ">=8.0.0"
mypy-extensions = ">=0.4.3"
pathspec = ">=0.9.0"
platformdirs = ">=2"

[package.extras]
colorama = ["colorama (>=0.4.3)"]
d = ["aiohttp (>=3.7.4)"]
jupyter = ["ipython (>=7.8.0)", "tokenize-rt (>=3.2.0)"]
uvloop = ["uvloop (>=0.15.2)"]

[[package]]
name = "click"
version = "8.1.3"
description = "Composable command line interface toolkit"
optional = false
python-versions = ">=3.7"
files = [
    {file = "click-8.1.3-py3-none-any.whl", hash = "sha256:bb4d8133cb15a609f44e8213d9b391b0809795062913b383c62be0ee95b1db48"},
    {file = "click-8.1.3.tar.gz", hash = "sha256:7682dc8afb30297001674575ea00d1814d808d6a36af415a82bd481d37ba7b8e"},
]

[package.dependencies]
colorama = {version = "*", markers = "platform_system == \"Windows\""}

[[package]]
name = "colorama"
version = "0.4.6"
description = "Cross-platform colored terminal text."
optional = false
python-versions = "!=3.0.*,!=3.1.*,!=3.2.*,!=3.3.*,!=3.4.*,!=3.5.*,!=3.6.*,>=2.7"
files = [
    {file = "colorama-0.4.6-py2.py3-none-any.whl", hash = "sha256:4f1d9991f5acc0ca119f9d443620b77f9d6b33703e51011c16baf57afb285fc6"},
    {file = "colorama-0.4.6.tar.gz", hash = "sha256:08695f5cb7ed6e0531a20572697297273c47b8cae5a63ffc6d6ed5c201be6e44"},
]

[[package]]
name = "django"
version = "4.1.10"
description = "A high-level Python web framework that encourages rapid development and clean, pragmatic design."
optional = false
python-versions = ">=3.8"
files = [
    {file = "Django-4.1.10-py3-none-any.whl", hash = "sha256:26d0260c2fb8121009e62ffc548b2398dea2522b6454208a852fb0ef264c206c"},
    {file = "Django-4.1.10.tar.gz", hash = "sha256:56343019a9fd839e2e5bf203daf45f25af79d5bffa4c71d56eae4f4404d82ade"},
]

[package.dependencies]
asgiref = ">=3.5.2,<4"
sqlparse = ">=0.2.2"
tzdata = {version = "*", markers = "sys_platform == \"win32\""}

[package.extras]
argon2 = ["argon2-cffi (>=19.1.0)"]
bcrypt = ["bcrypt"]

[[package]]
name = "django-bootstrap5"
version = "22.1"
description = "Bootstrap 5 for Django"
optional = false
python-versions = ">=3.7"
files = [
    {file = "django-bootstrap5-22.1.tar.gz", hash = "sha256:70b51f020ef95a64780a0b5d5fdb1fade6e7b5e26c53355cc4f3648eca239cab"},
    {file = "django_bootstrap5-22.1-py3-none-any.whl", hash = "sha256:cf3f257abf750f19e47eddc106066ddb182576185494965d1408eddcb3a7380b"},
]

[package.dependencies]
Django = ">=3.2"

[[package]]
name = "django-colorfield"
version = "0.7.2"
description = "simple color field for your models with a nice color-picker in the admin-interface."
optional = false
python-versions = "*"
files = [
    {file = "django-colorfield-0.7.2.tar.gz", hash = "sha256:9c2c36a7cac60bf6e57e70ca344529a3065226543358d01036e1714371f3166d"},
    {file = "django_colorfield-0.7.2-py3-none-any.whl", hash = "sha256:29dffa09b2ce89f19504a53a120e5bfdbfe3e44621f33b3f94b0e6a572ae93c1"},
]

[package.dependencies]
Pillow = ">=5.0"

[[package]]
name = "filemagic"
version = "1.6"
description = "A Python API for libmagic, the library behind the Unix file command"
optional = false
python-versions = "*"
files = [
    {file = "filemagic-1.6.tar.gz", hash = "sha256:e684359ef40820fe406f0ebc5bf8a78f89717bdb7fed688af68082d991d6dbf3"},
]

[[package]]
name = "mypy-extensions"
version = "0.4.3"
description = "Experimental type system extensions for programs checked with the mypy typechecker."
optional = false
python-versions = "*"
files = [
    {file = "mypy_extensions-0.4.3-py2.py3-none-any.whl", hash = "sha256:090fedd75945a69ae91ce1303b5824f428daf5a028d2f6ab8a299250a846f15d"},
    {file = "mypy_extensions-0.4.3.tar.gz", hash = "sha256:2d82818f5bb3e369420cb3c4060a7970edba416647068eb4c5343488a6c604a8"},
]

[[package]]
name = "packaging"
version = "21.3"
description = "Core utilities for Python packages"
optional = false
python-versions = ">=3.6"
files = [
    {file = "packaging-21.3-py3-none-any.whl", hash = "sha256:ef103e05f519cdc783ae24ea4e2e0f508a9c99b2d4969652eed6a2e1ea5bd522"},
    {file = "packaging-21.3.tar.gz", hash = "sha256:dd47c42927d89ab911e606518907cc2d3a1f38bbd026385970643f9c5b8ecfeb"},
]

[package.dependencies]
pyparsing = ">=2.0.2,<3.0.5 || >3.0.5"

[[package]]
name = "pathspec"
version = "0.10.1"
description = "Utility library for gitignore style pattern matching of file paths."
optional = false
python-versions = ">=3.7"
files = [
    {file = "pathspec-0.10.1-py3-none-any.whl", hash = "sha256:46846318467efc4556ccfd27816e004270a9eeeeb4d062ce5e6fc7a87c573f93"},
    {file = "pathspec-0.10.1.tar.gz", hash = "sha256:7ace6161b621d31e7902eb6b5ae148d12cfd23f4a249b9ffb6b9fee12084323d"},
]

[[package]]
name = "pillow"
version = "10.0.1"
description = "Python Imaging Library (Fork)"
optional = false
python-versions = ">=3.8"
files = [
    {file = "Pillow-10.0.1-cp310-cp310-macosx_10_10_x86_64.whl", hash = "sha256:8f06be50669087250f319b706decf69ca71fdecd829091a37cc89398ca4dc17a"},
    {file = "Pillow-10.0.1-cp310-cp310-macosx_11_0_arm64.whl", hash = "sha256:50bd5f1ebafe9362ad622072a1d2f5850ecfa44303531ff14353a4059113b12d"},
    {file = "Pillow-10.0.1-cp310-cp310-manylinux_2_17_aarch64.manylinux2014_aarch64.whl", hash = "sha256:e6a90167bcca1216606223a05e2cf991bb25b14695c518bc65639463d7db722d"},
    {file = "Pillow-10.0.1-cp310-cp310-manylinux_2_17_x86_64.manylinux2014_x86_64.whl", hash = "sha256:f11c9102c56ffb9ca87134bd025a43d2aba3f1155f508eff88f694b33a9c6d19"},
    {file = "Pillow-10.0.1-cp310-cp310-manylinux_2_28_aarch64.whl", hash = "sha256:186f7e04248103482ea6354af6d5bcedb62941ee08f7f788a1c7707bc720c66f"},
    {file = "Pillow-10.0.1-cp310-cp310-manylinux_2_28_x86_64.whl", hash = "sha256:0462b1496505a3462d0f35dc1c4d7b54069747d65d00ef48e736acda2c8cbdff"},
    {file = "Pillow-10.0.1-cp310-cp310-musllinux_1_1_aarch64.whl", hash = "sha256:d889b53ae2f030f756e61a7bff13684dcd77e9af8b10c6048fb2c559d6ed6eaf"},
    {file = "Pillow-10.0.1-cp310-cp310-musllinux_1_1_x86_64.whl", hash = "sha256:552912dbca585b74d75279a7570dd29fa43b6d93594abb494ebb31ac19ace6bd"},
    {file = "Pillow-10.0.1-cp310-cp310-win_amd64.whl", hash = "sha256:787bb0169d2385a798888e1122c980c6eff26bf941a8ea79747d35d8f9210ca0"},
    {file = "Pillow-10.0.1-cp311-cp311-macosx_10_10_x86_64.whl", hash = "sha256:fd2a5403a75b54661182b75ec6132437a181209b901446ee5724b589af8edef1"},
    {file = "Pillow-10.0.1-cp311-cp311-macosx_11_0_arm64.whl", hash = "sha256:2d7e91b4379f7a76b31c2dda84ab9e20c6220488e50f7822e59dac36b0cd92b1"},
    {file = "Pillow-10.0.1-cp311-cp311-manylinux_2_17_aarch64.manylinux2014_aarch64.whl", hash = "sha256:19e9adb3f22d4c416e7cd79b01375b17159d6990003633ff1d8377e21b7f1b21"},
    {file = "Pillow-10.0.1-cp311-cp311-manylinux_2_17_x86_64.manylinux2014_x86_64.whl", hash = "sha256:93139acd8109edcdeffd85e3af8ae7d88b258b3a1e13a038f542b79b6d255c54"},
    {file = "Pillow-10.0.1-cp311-cp311-manylinux_2_28_aarch64.whl", hash = "sha256:92a23b0431941a33242b1f0ce6c88a952e09feeea9af4e8be48236a68ffe2205"},
    {file = "Pillow-10.0.1-cp311-cp311-manylinux_2_28_x86_64.whl", hash = "sha256:cbe68deb8580462ca0d9eb56a81912f59eb4542e1ef8f987405e35a0179f4ea2"},
    {file = "Pillow-10.0.1-cp311-cp311-musllinux_1_1_aarch64.whl", hash = "sha256:522ff4ac3aaf839242c6f4e5b406634bfea002469656ae8358644fc6c4856a3b"},
    {file = "Pillow-10.0.1-cp311-cp311-musllinux_1_1_x86_64.whl", hash = "sha256:84efb46e8d881bb06b35d1d541aa87f574b58e87f781cbba8d200daa835b42e1"},
    {file = "Pillow-10.0.1-cp311-cp311-win_amd64.whl", hash = "sha256:898f1d306298ff40dc1b9ca24824f0488f6f039bc0e25cfb549d3195ffa17088"},
    {file = "Pillow-10.0.1-cp312-cp312-macosx_10_10_x86_64.whl", hash = "sha256:bcf1207e2f2385a576832af02702de104be71301c2696d0012b1b93fe34aaa5b"},
    {file = "Pillow-10.0.1-cp312-cp312-macosx_11_0_arm64.whl", hash = "sha256:5d6c9049c6274c1bb565021367431ad04481ebb54872edecfcd6088d27edd6ed"},
    {file = "Pillow-10.0.1-cp312-cp312-manylinux_2_17_aarch64.manylinux2014_aarch64.whl", hash = "sha256:28444cb6ad49726127d6b340217f0627abc8732f1194fd5352dec5e6a0105635"},
    {file = "Pillow-10.0.1-cp312-cp312-manylinux_2_17_x86_64.manylinux2014_x86_64.whl", hash = "sha256:de596695a75496deb3b499c8c4f8e60376e0516e1a774e7bc046f0f48cd620ad"},
    {file = "Pillow-10.0.1-cp312-cp312-manylinux_2_28_aarch64.whl", hash = "sha256:2872f2d7846cf39b3dbff64bc1104cc48c76145854256451d33c5faa55c04d1a"},
    {file = "Pillow-10.0.1-cp312-cp312-manylinux_2_28_x86_64.whl", hash = "sha256:4ce90f8a24e1c15465048959f1e94309dfef93af272633e8f37361b824532e91"},
    {file = "Pillow-10.0.1-cp312-cp312-musllinux_1_1_aarch64.whl", hash = "sha256:ee7810cf7c83fa227ba9125de6084e5e8b08c59038a7b2c9045ef4dde61663b4"},
    {file = "Pillow-10.0.1-cp312-cp312-musllinux_1_1_x86_64.whl", hash = "sha256:b1be1c872b9b5fcc229adeadbeb51422a9633abd847c0ff87dc4ef9bb184ae08"},
    {file = "Pillow-10.0.1-cp312-cp312-win_amd64.whl", hash = "sha256:98533fd7fa764e5f85eebe56c8e4094db912ccbe6fbf3a58778d543cadd0db08"},
    {file = "Pillow-10.0.1-cp38-cp38-macosx_10_10_x86_64.whl", hash = "sha256:764d2c0daf9c4d40ad12fbc0abd5da3af7f8aa11daf87e4fa1b834000f4b6b0a"},
    {file = "Pillow-10.0.1-cp38-cp38-macosx_11_0_arm64.whl", hash = "sha256:fcb59711009b0168d6ee0bd8fb5eb259c4ab1717b2f538bbf36bacf207ef7a68"},
    {file = "Pillow-10.0.1-cp38-cp38-manylinux_2_17_aarch64.manylinux2014_aarch64.whl", hash = "sha256:697a06bdcedd473b35e50a7e7506b1d8ceb832dc238a336bd6f4f5aa91a4b500"},
    {file = "Pillow-10.0.1-cp38-cp38-manylinux_2_17_x86_64.manylinux2014_x86_64.whl", hash = "sha256:9f665d1e6474af9f9da5e86c2a3a2d2d6204e04d5af9c06b9d42afa6ebde3f21"},
    {file = "Pillow-10.0.1-cp38-cp38-manylinux_2_28_aarch64.whl", hash = "sha256:2fa6dd2661838c66f1a5473f3b49ab610c98a128fc08afbe81b91a1f0bf8c51d"},
    {file = "Pillow-10.0.1-cp38-cp38-manylinux_2_28_x86_64.whl", hash = "sha256:3a04359f308ebee571a3127fdb1bd01f88ba6f6fb6d087f8dd2e0d9bff43f2a7"},
    {file = "Pillow-10.0.1-cp38-cp38-musllinux_1_1_aarch64.whl", hash = "sha256:723bd25051454cea9990203405fa6b74e043ea76d4968166dfd2569b0210886a"},
    {file = "Pillow-10.0.1-cp38-cp38-musllinux_1_1_x86_64.whl", hash = "sha256:71671503e3015da1b50bd18951e2f9daf5b6ffe36d16f1eb2c45711a301521a7"},
    {file = "Pillow-10.0.1-cp38-cp38-win_amd64.whl", hash = "sha256:44e7e4587392953e5e251190a964675f61e4dae88d1e6edbe9f36d6243547ff3"},
    {file = "Pillow-10.0.1-cp39-cp39-macosx_10_10_x86_64.whl", hash = "sha256:3855447d98cced8670aaa63683808df905e956f00348732448b5a6df67ee5849"},
    {file = "Pillow-10.0.1-cp39-cp39-macosx_11_0_arm64.whl", hash = "sha256:ed2d9c0704f2dc4fa980b99d565c0c9a543fe5101c25b3d60488b8ba80f0cce1"},
    {file = "Pillow-10.0.1-cp39-cp39-manylinux_2_17_aarch64.manylinux2014_aarch64.whl", hash = "sha256:f5bb289bb835f9fe1a1e9300d011eef4d69661bb9b34d5e196e5e82c4cb09b37"},
    {file = "Pillow-10.0.1-cp39-cp39-manylinux_2_17_x86_64.manylinux2014_x86_64.whl", hash = "sha256:3a0d3e54ab1df9df51b914b2233cf779a5a10dfd1ce339d0421748232cea9876"},
    {file = "Pillow-10.0.1-cp39-cp39-manylinux_2_28_aarch64.whl", hash = "sha256:2cc6b86ece42a11f16f55fe8903595eff2b25e0358dec635d0a701ac9586588f"},
    {file = "Pillow-10.0.1-cp39-cp39-manylinux_2_28_x86_64.whl", hash = "sha256:ca26ba5767888c84bf5a0c1a32f069e8204ce8c21d00a49c90dabeba00ce0145"},
    {file = "Pillow-10.0.1-cp39-cp39-musllinux_1_1_aarch64.whl", hash = "sha256:f0b4b06da13275bc02adfeb82643c4a6385bd08d26f03068c2796f60d125f6f2"},
    {file = "Pillow-10.0.1-cp39-cp39-musllinux_1_1_x86_64.whl", hash = "sha256:bc2e3069569ea9dbe88d6b8ea38f439a6aad8f6e7a6283a38edf61ddefb3a9bf"},
    {file = "Pillow-10.0.1-cp39-cp39-win_amd64.whl", hash = "sha256:8b451d6ead6e3500b6ce5c7916a43d8d8d25ad74b9102a629baccc0808c54971"},
    {file = "Pillow-10.0.1-pp310-pypy310_pp73-macosx_10_10_x86_64.whl", hash = "sha256:32bec7423cdf25c9038fef614a853c9d25c07590e1a870ed471f47fb80b244db"},
    {file = "Pillow-10.0.1-pp310-pypy310_pp73-manylinux_2_17_x86_64.manylinux2014_x86_64.whl", hash = "sha256:b7cf63d2c6928b51d35dfdbda6f2c1fddbe51a6bc4a9d4ee6ea0e11670dd981e"},
    {file = "Pillow-10.0.1-pp310-pypy310_pp73-manylinux_2_28_x86_64.whl", hash = "sha256:f6d3d4c905e26354e8f9d82548475c46d8e0889538cb0657aa9c6f0872a37aa4"},
    {file = "Pillow-10.0.1-pp310-pypy310_pp73-win_amd64.whl", hash = "sha256:847e8d1017c741c735d3cd1883fa7b03ded4f825a6e5fcb9378fd813edee995f"},
    {file = "Pillow-10.0.1-pp39-pypy39_pp73-macosx_10_10_x86_64.whl", hash = "sha256:7f771e7219ff04b79e231d099c0a28ed83aa82af91fd5fa9fdb28f5b8d5addaf"},
    {file = "Pillow-10.0.1-pp39-pypy39_pp73-manylinux_2_17_x86_64.manylinux2014_x86_64.whl", hash = "sha256:459307cacdd4138edee3875bbe22a2492519e060660eaf378ba3b405d1c66317"},
    {file = "Pillow-10.0.1-pp39-pypy39_pp73-manylinux_2_28_x86_64.whl", hash = "sha256:b059ac2c4c7a97daafa7dc850b43b2d3667def858a4f112d1aa082e5c3d6cf7d"},
    {file = "Pillow-10.0.1-pp39-pypy39_pp73-win_amd64.whl", hash = "sha256:d6caf3cd38449ec3cd8a68b375e0c6fe4b6fd04edb6c9766b55ef84a6e8ddf2d"},
    {file = "Pillow-10.0.1.tar.gz", hash = "sha256:d72967b06be9300fed5cfbc8b5bafceec48bf7cdc7dab66b1d2549035287191d"},
]

[package.extras]
docs = ["furo", "olefile", "sphinx (>=2.4)", "sphinx-copybutton", "sphinx-inline-tabs", "sphinx-removed-in", "sphinxext-opengraph"]
tests = ["check-manifest", "coverage", "defusedxml", "markdown2", "olefile", "packaging", "pyroma", "pytest", "pytest-cov", "pytest-timeout"]

[[package]]
name = "platformdirs"
version = "2.5.3"
description = "A small Python package for determining appropriate platform-specific dirs, e.g. a \"user data dir\"."
optional = false
python-versions = ">=3.7"
files = [
    {file = "platformdirs-2.5.3-py3-none-any.whl", hash = "sha256:0cb405749187a194f444c25c82ef7225232f11564721eabffc6ec70df83b11cb"},
    {file = "platformdirs-2.5.3.tar.gz", hash = "sha256:6e52c21afff35cb659c6e52d8b4d61b9bd544557180440538f255d9382c8cbe0"},
]

[package.extras]
docs = ["furo (>=2022.9.29)", "proselint (>=0.13)", "sphinx (>=5.3)", "sphinx-autodoc-typehints (>=1.19.4)"]
test = ["appdirs (==1.4.4)", "pytest (>=7.2)", "pytest-cov (>=4)", "pytest-mock (>=3.10)"]

[[package]]
name = "pyparsing"
version = "3.0.9"
description = "pyparsing module - Classes and methods to define and execute parsing grammars"
optional = false
python-versions = ">=3.6.8"
files = [
    {file = "pyparsing-3.0.9-py3-none-any.whl", hash = "sha256:5026bae9a10eeaefb61dab2f09052b9f4307d44aee4eda64b309723d8d206bbc"},
    {file = "pyparsing-3.0.9.tar.gz", hash = "sha256:2b020ecf7d21b687f219b71ecad3631f644a47f01403fa1d1036b0c6416d70fb"},
]

[package.extras]
diagrams = ["jinja2", "railroad-diagrams"]

[[package]]
name = "pytesseract"
version = "0.3.10"
description = "Python-tesseract is a python wrapper for Google's Tesseract-OCR"
optional = false
python-versions = ">=3.7"
files = [
    {file = "pytesseract-0.3.10-py3-none-any.whl", hash = "sha256:8f22cc98f765bf13517ead0c70effedb46c153540d25783e04014f28b55a5fc6"},
    {file = "pytesseract-0.3.10.tar.gz", hash = "sha256:f1c3a8b0f07fd01a1085d451f5b8315be6eec1d5577a6796d46dc7a62bd4120f"},
]

[package.dependencies]
packaging = ">=21.3"
Pillow = ">=8.0.0"

[[package]]
name = "sqlparse"
version = "0.4.4"
description = "A non-validating SQL parser."
optional = false
python-versions = ">=3.5"
files = [
    {file = "sqlparse-0.4.4-py3-none-any.whl", hash = "sha256:5430a4fe2ac7d0f93e66f1efc6e1338a41884b7ddf2a350cedd20ccc4d9d28f3"},
    {file = "sqlparse-0.4.4.tar.gz", hash = "sha256:d446183e84b8349fa3061f0fe7f06ca94ba65b426946ffebe6e3e8295332420c"},
]

[package.extras]
dev = ["build", "flake8"]
doc = ["sphinx"]
test = ["pytest", "pytest-cov"]

[[package]]
name = "tzdata"
version = "2022.6"
description = "Provider of IANA time zone data"
optional = false
python-versions = ">=2"
files = [
    {file = "tzdata-2022.6-py2.py3-none-any.whl", hash = "sha256:04a680bdc5b15750c39c12a448885a51134a27ec9af83667663f0b3a1bf3f342"},
    {file = "tzdata-2022.6.tar.gz", hash = "sha256:91f11db4503385928c15598c98573e3af07e7229181bee5375bd30f1695ddcae"},
]

[metadata]
lock-version = "2.0"
python-versions = "^3.11"
content-hash = "a36fe61fbdf817281b8c4984a15a5f323f16001330028fed5d09ddafd95bfbe4"
